
Microsoft Visual Studio Solution File, Format Version 12.00
# Visual Studio Version 17
VisualStudioVersion = 17.0.31919.166
MinimumVisualStudioVersion = 10.0.40219.1
Project("{FAE04EC0-301F-11D3-BF4B-00C04F79EFBC}") = "pastane", "pastane\pastane.csproj", "{2C84AE16-51F7-4CAE-8F5F-77305CA95829}"
EndProject
Global
	GlobalSection(SolutionConfigurationPlatforms) = preSolution
		Debug|Any CPU = Debug|Any CPU
		Release|Any CPU = Release|Any CPU
	EndGlobalSection
	GlobalSection(ProjectConfigurationPlatforms) = postSolution
		{2C84AE16-51F7-4CAE-8F5F-77305CA95829}.Debug|Any CPU.ActiveCfg = Debug|Any CPU
		{2C84AE16-51F7-4CAE-8F5F-77305CA95829}.Debug|Any CPU.Build.0 = Debug|Any CPU
		{2C84AE16-51F7-4CAE-8F5F-77305CA95829}.Release|Any CPU.ActiveCfg = Release|Any CPU
		{2C84AE16-51F7-4CAE-8F5F-77305CA95829}.Release|Any CPU.Build.0 = Release|Any CPU
	EndGlobalSection
	GlobalSection(SolutionProperties) = preSolution
		HideSolutionNode = FALSE
	EndGlobalSection
	GlobalSection(ExtensibilityGlobals) = postSolution
		SolutionGuid = {91CE1B0F-D1A3-4647-9516-9BF095A0D694}
	EndGlobalSection
EndGlobal
